// !$*UTF8*$!
{
	archiveVersion = 1;
	classes = {
	};
	objectVersion = 46;
	objects = {

/* Begin PBXBuildFile section */
		2876038A682FE1D8C1DC7D26 /* Pods_BingoCycleScrollViewDemoTests.framework in Frameworks */ = {isa = PBXBuildFile; fileRef = D254A3B2E5A7FCC3DED29A5B /* Pods_BingoCycleScrollViewDemoTests.framework */; };
		3E807D805DF6EA4E724B9F10 /* Pods_BingoCycleScrollViewDemoUITests.framework in Frameworks */ = {isa = PBXBuildFile; fileRef = 29D24F0CFF4751A1ED9A2CB7 /* Pods_BingoCycleScrollViewDemoUITests.framework */; };
		66EEEA7BC8DCD8131260189B /* Pods_BingoCycleScrollViewDemo.framework in Frameworks */ = {isa = PBXBuildFile; fileRef = AF88600AC7080F2EB8AEF361 /* Pods_BingoCycleScrollViewDemo.framework */; };
		E71ED8751EE7A256009D3D95 /* BannerViewController.swift in Sources */ = {isa = PBXBuildFile; fileRef = E71ED8741EE7A256009D3D95 /* BannerViewController.swift */; };
		E71ED8771EE7AB81009D3D95 /* CyclePageControl.swift in Sources */ = {isa = PBXBuildFile; fileRef = E71ED8761EE7AB81009D3D95 /* CyclePageControl.swift */; };
		E7C00BAA1EB88A2A0060F234 /* KingfisherManger.swift in Sources */ = {isa = PBXBuildFile; fileRef = E7C00BA91EB88A2A0060F234 /* KingfisherManger.swift */; };
		E7CFC04C1EA0A7EC004D70F3 /* AppDelegate.swift in Sources */ = {isa = PBXBuildFile; fileRef = E7CFC04B1EA0A7EC004D70F3 /* AppDelegate.swift */; };
		E7CFC04E1EA0A7EC004D70F3 /* ViewController.swift in Sources */ = {isa = PBXBuildFile; fileRef = E7CFC04D1EA0A7EC004D70F3 /* ViewController.swift */; };
		E7CFC0511EA0A7EC004D70F3 /* Main.storyboard in Resources */ = {isa = PBXBuildFile; fileRef = E7CFC04F1EA0A7EC004D70F3 /* Main.storyboard */; };
		E7CFC0531EA0A7EC004D70F3 /* Assets.xcassets in Resources */ = {isa = PBXBuildFile; fileRef = E7CFC0521EA0A7EC004D70F3 /* Assets.xcassets */; };
		E7CFC0561EA0A7EC004D70F3 /* LaunchScreen.storyboard in Resources */ = {isa = PBXBuildFile; fileRef = E7CFC0541EA0A7EC004D70F3 /* LaunchScreen.storyboard */; };
		E7CFC0611EA0A7EC004D70F3 /* BingoCycleScrollViewDemoTests.swift in Sources */ = {isa = PBXBuildFile; fileRef = E7CFC0601EA0A7EC004D70F3 /* BingoCycleScrollViewDemoTests.swift */; };
		E7CFC06C1EA0A7EC004D70F3 /* BingoCycleScrollViewDemoUITests.swift in Sources */ = {isa = PBXBuildFile; fileRef = E7CFC06B1EA0A7EC004D70F3 /* BingoCycleScrollViewDemoUITests.swift */; };
		E7CFC0901EA31AF3004D70F3 /* 1.png in Resources */ = {isa = PBXBuildFile; fileRef = E7CFC08B1EA31AF3004D70F3 /* 1.png */; };
		E7CFC0911EA31AF3004D70F3 /* 2.png in Resources */ = {isa = PBXBuildFile; fileRef = E7CFC08C1EA31AF3004D70F3 /* 2.png */; };
		E7CFC0921EA31AF3004D70F3 /* 3.png in Resources */ = {isa = PBXBuildFile; fileRef = E7CFC08D1EA31AF3004D70F3 /* 3.png */; };
		E7CFC0931EA31AF3004D70F3 /* 4.png in Resources */ = {isa = PBXBuildFile; fileRef = E7CFC08E1EA31AF3004D70F3 /* 4.png */; };
		E7CFC0941EA31AF3004D70F3 /* 5.png in Resources */ = {isa = PBXBuildFile; fileRef = E7CFC08F1EA31AF3004D70F3 /* 5.png */; };
		E7CFC09B1EA4CB02004D70F3 /* CycleScrollViewLayoutAttributes.swift in Sources */ = {isa = PBXBuildFile; fileRef = E7CFC09A1EA4CB02004D70F3 /* CycleScrollViewLayoutAttributes.swift */; };
		E7CFC09D1EA4CB3E004D70F3 /* CycleScrollViewTransformer.swift in Sources */ = {isa = PBXBuildFile; fileRef = E7CFC09C1EA4CB3E004D70F3 /* CycleScrollViewTransformer.swift */; };
		E7CFC09F1EA4CB59004D70F3 /* CycleScrollView+Protocol.swift in Sources */ = {isa = PBXBuildFile; fileRef = E7CFC09E1EA4CB59004D70F3 /* CycleScrollView+Protocol.swift */; };
		E7CFC0A11EA4CBC1004D70F3 /* CycleScrollView.swift in Sources */ = {isa = PBXBuildFile; fileRef = E7CFC0A01EA4CBC1004D70F3 /* CycleScrollView.swift */; };
		E7CFC0A31EA4CBF1004D70F3 /* CycleScrollViewCell.swift in Sources */ = {isa = PBXBuildFile; fileRef = E7CFC0A21EA4CBF1004D70F3 /* CycleScrollViewCell.swift */; };
		E7CFC0A51EA4CC3F004D70F3 /* CycleScrollViewLayout.swift in Sources */ = {isa = PBXBuildFile; fileRef = E7CFC0A41EA4CC3F004D70F3 /* CycleScrollViewLayout.swift */; };
		E7CFC0A71EA4D18E004D70F3 /* CycleScrollViewCollectionView.swift in Sources */ = {isa = PBXBuildFile; fileRef = E7CFC0A61EA4D18E004D70F3 /* CycleScrollViewCollectionView.swift */; };
/* End PBXBuildFile section */

/* Begin PBXContainerItemProxy section */
		E7CFC05D1EA0A7EC004D70F3 /* PBXContainerItemProxy */ = {
			isa = PBXContainerItemProxy;
			containerPortal = E7CFC0401EA0A7EC004D70F3 /* Project object */;
			proxyType = 1;
			remoteGlobalIDString = E7CFC0471EA0A7EC004D70F3;
			remoteInfo = BingoCycleScrollViewDemo;
		};
		E7CFC0681EA0A7EC004D70F3 /* PBXContainerItemProxy */ = {
			isa = PBXContainerItemProxy;
			containerPortal = E7CFC0401EA0A7EC004D70F3 /* Project object */;
			proxyType = 1;
			remoteGlobalIDString = E7CFC0471EA0A7EC004D70F3;
			remoteInfo = BingoCycleScrollViewDemo;
		};
/* End PBXContainerItemProxy section */

/* Begin PBXFileReference section */
		1E18A300AE4B5A26DA97C678 /* Pods-BingoCycleScrollViewDemoTests.debug.xcconfig */ = {isa = PBXFileReference; includeInIndex = 1; lastKnownFileType = text.xcconfig; name = "Pods-BingoCycleScrollViewDemoTests.debug.xcconfig"; path = "Pods/Target Support Files/Pods-BingoCycleScrollViewDemoTests/Pods-BingoCycleScrollViewDemoTests.debug.xcconfig"; sourceTree = "<group>"; };
		29D24F0CFF4751A1ED9A2CB7 /* Pods_BingoCycleScrollViewDemoUITests.framework */ = {isa = PBXFileReference; explicitFileType = wrapper.framework; includeInIndex = 0; path = Pods_BingoCycleScrollViewDemoUITests.framework; sourceTree = BUILT_PRODUCTS_DIR; };
		3E21C227A84A6BD7000BF88E /* Pods-BingoCycleScrollViewDemo.debug.xcconfig */ = {isa = PBXFileReference; includeInIndex = 1; lastKnownFileType = text.xcconfig; name = "Pods-BingoCycleScrollViewDemo.debug.xcconfig"; path = "Pods/Target Support Files/Pods-BingoCycleScrollViewDemo/Pods-BingoCycleScrollViewDemo.debug.xcconfig"; sourceTree = "<group>"; };
		518CAC66F2149C53126169AB /* Pods-BingoCycleScrollViewDemoUITests.release.xcconfig */ = {isa = PBXFileReference; includeInIndex = 1; lastKnownFileType = text.xcconfig; name = "Pods-BingoCycleScrollViewDemoUITests.release.xcconfig"; path = "Pods/Target Support Files/Pods-BingoCycleScrollViewDemoUITests/Pods-BingoCycleScrollViewDemoUITests.release.xcconfig"; sourceTree = "<group>"; };
		524260BCD4F895AEAF42FAA0 /* Pods-BingoCycleScrollViewDemoTests.release.xcconfig */ = {isa = PBXFileReference; includeInIndex = 1; lastKnownFileType = text.xcconfig; name = "Pods-BingoCycleScrollViewDemoTests.release.xcconfig"; path = "Pods/Target Support Files/Pods-BingoCycleScrollViewDemoTests/Pods-BingoCycleScrollViewDemoTests.release.xcconfig"; sourceTree = "<group>"; };
		7EC0F2BB5B1EFB04E9A50C7D /* Pods-BingoCycleScrollViewDemo.release.xcconfig */ = {isa = PBXFileReference; includeInIndex = 1; lastKnownFileType = text.xcconfig; name = "Pods-BingoCycleScrollViewDemo.release.xcconfig"; path = "Pods/Target Support Files/Pods-BingoCycleScrollViewDemo/Pods-BingoCycleScrollViewDemo.release.xcconfig"; sourceTree = "<group>"; };
		AF88600AC7080F2EB8AEF361 /* Pods_BingoCycleScrollViewDemo.framework */ = {isa = PBXFileReference; explicitFileType = wrapper.framework; includeInIndex = 0; path = Pods_BingoCycleScrollViewDemo.framework; sourceTree = BUILT_PRODUCTS_DIR; };
		B37C15FD2B88165557E0D28A /* Pods-BingoCycleScrollViewDemoUITests.debug.xcconfig */ = {isa = PBXFileReference; includeInIndex = 1; lastKnownFileType = text.xcconfig; name = "Pods-BingoCycleScrollViewDemoUITests.debug.xcconfig"; path = "Pods/Target Support Files/Pods-BingoCycleScrollViewDemoUITests/Pods-BingoCycleScrollViewDemoUITests.debug.xcconfig"; sourceTree = "<group>"; };
		D254A3B2E5A7FCC3DED29A5B /* Pods_BingoCycleScrollViewDemoTests.framework */ = {isa = PBXFileReference; explicitFileType = wrapper.framework; includeInIndex = 0; path = Pods_BingoCycleScrollViewDemoTests.framework; sourceTree = BUILT_PRODUCTS_DIR; };
		E71ED8741EE7A256009D3D95 /* BannerViewController.swift */ = {isa = PBXFileReference; fileEncoding = 4; lastKnownFileType = sourcecode.swift; path = BannerViewController.swift; sourceTree = "<group>"; };
		E71ED8761EE7AB81009D3D95 /* CyclePageControl.swift */ = {isa = PBXFileReference; fileEncoding = 4; lastKnownFileType = sourcecode.swift; path = CyclePageControl.swift; sourceTree = "<group>"; };
		E7A21FFF1EB09C5D0010B169 /* BingoCycleScrollViewDemo-Bridging-Header.h */ = {isa = PBXFileReference; fileEncoding = 4; lastKnownFileType = sourcecode.c.h; path = "BingoCycleScrollViewDemo-Bridging-Header.h"; sourceTree = "<group>"; };
		E7C00BA91EB88A2A0060F234 /* KingfisherManger.swift */ = {isa = PBXFileReference; fileEncoding = 4; lastKnownFileType = sourcecode.swift; path = KingfisherManger.swift; sourceTree = "<group>"; };
		E7CFC0481EA0A7EC004D70F3 /* BingoCycleScrollViewDemo.app */ = {isa = PBXFileReference; explicitFileType = wrapper.application; includeInIndex = 0; path = BingoCycleScrollViewDemo.app; sourceTree = BUILT_PRODUCTS_DIR; };
		E7CFC04B1EA0A7EC004D70F3 /* AppDelegate.swift */ = {isa = PBXFileReference; lastKnownFileType = sourcecode.swift; path = AppDelegate.swift; sourceTree = "<group>"; };
		E7CFC04D1EA0A7EC004D70F3 /* ViewController.swift */ = {isa = PBXFileReference; lastKnownFileType = sourcecode.swift; path = ViewController.swift; sourceTree = "<group>"; };
		E7CFC0501EA0A7EC004D70F3 /* Base */ = {isa = PBXFileReference; lastKnownFileType = file.storyboard; name = Base; path = Base.lproj/Main.storyboard; sourceTree = "<group>"; };
		E7CFC0521EA0A7EC004D70F3 /* Assets.xcassets */ = {isa = PBXFileReference; lastKnownFileType = folder.assetcatalog; path = Assets.xcassets; sourceTree = "<group>"; };
		E7CFC0551EA0A7EC004D70F3 /* Base */ = {isa = PBXFileReference; lastKnownFileType = file.storyboard; name = Base; path = Base.lproj/LaunchScreen.storyboard; sourceTree = "<group>"; };
		E7CFC0571EA0A7EC004D70F3 /* Info.plist */ = {isa = PBXFileReference; lastKnownFileType = text.plist.xml; path = Info.plist; sourceTree = "<group>"; };
		E7CFC05C1EA0A7EC004D70F3 /* BingoCycleScrollViewDemoTests.xctest */ = {isa = PBXFileReference; explicitFileType = wrapper.cfbundle; includeInIndex = 0; path = BingoCycleScrollViewDemoTests.xctest; sourceTree = BUILT_PRODUCTS_DIR; };
		E7CFC0601EA0A7EC004D70F3 /* BingoCycleScrollViewDemoTests.swift */ = {isa = PBXFileReference; lastKnownFileType = sourcecode.swift; path = BingoCycleScrollViewDemoTests.swift; sourceTree = "<group>"; };
		E7CFC0621EA0A7EC004D70F3 /* Info.plist */ = {isa = PBXFileReference; lastKnownFileType = text.plist.xml; path = Info.plist; sourceTree = "<group>"; };
		E7CFC0671EA0A7EC004D70F3 /* BingoCycleScrollViewDemoUITests.xctest */ = {isa = PBXFileReference; explicitFileType = wrapper.cfbundle; includeInIndex = 0; path = BingoCycleScrollViewDemoUITests.xctest; sourceTree = BUILT_PRODUCTS_DIR; };
		E7CFC06B1EA0A7EC004D70F3 /* BingoCycleScrollViewDemoUITests.swift */ = {isa = PBXFileReference; lastKnownFileType = sourcecode.swift; path = BingoCycleScrollViewDemoUITests.swift; sourceTree = "<group>"; };
		E7CFC06D1EA0A7EC004D70F3 /* Info.plist */ = {isa = PBXFileReference; lastKnownFileType = text.plist.xml; path = Info.plist; sourceTree = "<group>"; };
		E7CFC08B1EA31AF3004D70F3 /* 1.png */ = {isa = PBXFileReference; lastKnownFileType = image.png; path = 1.png; sourceTree = "<group>"; };
		E7CFC08C1EA31AF3004D70F3 /* 2.png */ = {isa = PBXFileReference; lastKnownFileType = image.png; path = 2.png; sourceTree = "<group>"; };
		E7CFC08D1EA31AF3004D70F3 /* 3.png */ = {isa = PBXFileReference; lastKnownFileType = image.png; path = 3.png; sourceTree = "<group>"; };
		E7CFC08E1EA31AF3004D70F3 /* 4.png */ = {isa = PBXFileReference; lastKnownFileType = image.png; path = 4.png; sourceTree = "<group>"; };
		E7CFC08F1EA31AF3004D70F3 /* 5.png */ = {isa = PBXFileReference; lastKnownFileType = image.png; path = 5.png; sourceTree = "<group>"; };
		E7CFC09A1EA4CB02004D70F3 /* CycleScrollViewLayoutAttributes.swift */ = {isa = PBXFileReference; fileEncoding = 4; lastKnownFileType = sourcecode.swift; path = CycleScrollViewLayoutAttributes.swift; sourceTree = "<group>"; };
		E7CFC09C1EA4CB3E004D70F3 /* CycleScrollViewTransformer.swift */ = {isa = PBXFileReference; fileEncoding = 4; lastKnownFileType = sourcecode.swift; path = CycleScrollViewTransformer.swift; sourceTree = "<group>"; };
		E7CFC09E1EA4CB59004D70F3 /* CycleScrollView+Protocol.swift */ = {isa = PBXFileReference; fileEncoding = 4; lastKnownFileType = sourcecode.swift; path = "CycleScrollView+Protocol.swift"; sourceTree = "<group>"; };
		E7CFC0A01EA4CBC1004D70F3 /* CycleScrollView.swift */ = {isa = PBXFileReference; fileEncoding = 4; lastKnownFileType = sourcecode.swift; path = CycleScrollView.swift; sourceTree = "<group>"; };
		E7CFC0A21EA4CBF1004D70F3 /* CycleScrollViewCell.swift */ = {isa = PBXFileReference; fileEncoding = 4; lastKnownFileType = sourcecode.swift; path = CycleScrollViewCell.swift; sourceTree = "<group>"; };
		E7CFC0A41EA4CC3F004D70F3 /* CycleScrollViewLayout.swift */ = {isa = PBXFileReference; fileEncoding = 4; lastKnownFileType = sourcecode.swift; path = CycleScrollViewLayout.swift; sourceTree = "<group>"; };
		E7CFC0A61EA4D18E004D70F3 /* CycleScrollViewCollectionView.swift */ = {isa = PBXFileReference; fileEncoding = 4; lastKnownFileType = sourcecode.swift; path = CycleScrollViewCollectionView.swift; sourceTree = "<group>"; };
/* End PBXFileReference section */

/* Begin PBXFrameworksBuildPhase section */
		E7CFC0451EA0A7EC004D70F3 /* Frameworks */ = {
			isa = PBXFrameworksBuildPhase;
			buildActionMask = 2147483647;
			files = (
				66EEEA7BC8DCD8131260189B /* Pods_BingoCycleScrollViewDemo.framework in Frameworks */,
			);
			runOnlyForDeploymentPostprocessing = 0;
		};
		E7CFC0591EA0A7EC004D70F3 /* Frameworks */ = {
			isa = PBXFrameworksBuildPhase;
			buildActionMask = 2147483647;
			files = (
				2876038A682FE1D8C1DC7D26 /* Pods_BingoCycleScrollViewDemoTests.framework in Frameworks */,
			);
			runOnlyForDeploymentPostprocessing = 0;
		};
		E7CFC0641EA0A7EC004D70F3 /* Frameworks */ = {
			isa = PBXFrameworksBuildPhase;
			buildActionMask = 2147483647;
			files = (
				3E807D805DF6EA4E724B9F10 /* Pods_BingoCycleScrollViewDemoUITests.framework in Frameworks */,
			);
			runOnlyForDeploymentPostprocessing = 0;
		};
/* End PBXFrameworksBuildPhase section */

/* Begin PBXGroup section */
		020582742F88B5B9F2039325 /* Frameworks */ = {
			isa = PBXGroup;
			children = (
				AF88600AC7080F2EB8AEF361 /* Pods_BingoCycleScrollViewDemo.framework */,
				D254A3B2E5A7FCC3DED29A5B /* Pods_BingoCycleScrollViewDemoTests.framework */,
				29D24F0CFF4751A1ED9A2CB7 /* Pods_BingoCycleScrollViewDemoUITests.framework */,
			);
			name = Frameworks;
			sourceTree = "<group>";
		};
		DDA373114E2F6B48AE01366D /* Pods */ = {
			isa = PBXGroup;
			children = (
				3E21C227A84A6BD7000BF88E /* Pods-BingoCycleScrollViewDemo.debug.xcconfig */,
				7EC0F2BB5B1EFB04E9A50C7D /* Pods-BingoCycleScrollViewDemo.release.xcconfig */,
				1E18A300AE4B5A26DA97C678 /* Pods-BingoCycleScrollViewDemoTests.debug.xcconfig */,
				524260BCD4F895AEAF42FAA0 /* Pods-BingoCycleScrollViewDemoTests.release.xcconfig */,
				B37C15FD2B88165557E0D28A /* Pods-BingoCycleScrollViewDemoUITests.debug.xcconfig */,
				518CAC66F2149C53126169AB /* Pods-BingoCycleScrollViewDemoUITests.release.xcconfig */,
			);
			name = Pods;
			sourceTree = "<group>";
		};
		E7C00BA81EB88A2A0060F234 /* KingfisherManager */ = {
			isa = PBXGroup;
			children = (
				E7C00BA91EB88A2A0060F234 /* KingfisherManger.swift */,
			);
			path = KingfisherManager;
			sourceTree = "<group>";
		};
		E7CFC03F1EA0A7EC004D70F3 = {
			isa = PBXGroup;
			children = (
				E7CFC0991EA4CAD6004D70F3 /* CycleScrollView */,
				E7CFC04A1EA0A7EC004D70F3 /* BingoCycleScrollViewDemo */,
				E7CFC05F1EA0A7EC004D70F3 /* BingoCycleScrollViewDemoTests */,
				E7CFC06A1EA0A7EC004D70F3 /* BingoCycleScrollViewDemoUITests */,
				E7CFC0491EA0A7EC004D70F3 /* Products */,
				DDA373114E2F6B48AE01366D /* Pods */,
				020582742F88B5B9F2039325 /* Frameworks */,
			);
			sourceTree = "<group>";
		};
		E7CFC0491EA0A7EC004D70F3 /* Products */ = {
			isa = PBXGroup;
			children = (
				E7CFC0481EA0A7EC004D70F3 /* BingoCycleScrollViewDemo.app */,
				E7CFC05C1EA0A7EC004D70F3 /* BingoCycleScrollViewDemoTests.xctest */,
				E7CFC0671EA0A7EC004D70F3 /* BingoCycleScrollViewDemoUITests.xctest */,
			);
			name = Products;
			sourceTree = "<group>";
		};
		E7CFC04A1EA0A7EC004D70F3 /* BingoCycleScrollViewDemo */ = {
			isa = PBXGroup;
			children = (
				E7A21FFF1EB09C5D0010B169 /* BingoCycleScrollViewDemo-Bridging-Header.h */,
				E7CFC04B1EA0A7EC004D70F3 /* AppDelegate.swift */,
				E7CFC04D1EA0A7EC004D70F3 /* ViewController.swift */,
				E71ED8741EE7A256009D3D95 /* BannerViewController.swift */,
				E7CFC04F1EA0A7EC004D70F3 /* Main.storyboard */,
				E7CFC0521EA0A7EC004D70F3 /* Assets.xcassets */,
				E7CFC0541EA0A7EC004D70F3 /* LaunchScreen.storyboard */,
				E7CFC0571EA0A7EC004D70F3 /* Info.plist */,
				E7CFC08A1EA31AF2004D70F3 /* Resource */,
			);
			path = BingoCycleScrollViewDemo;
			sourceTree = "<group>";
		};
		E7CFC05F1EA0A7EC004D70F3 /* BingoCycleScrollViewDemoTests */ = {
			isa = PBXGroup;
			children = (
				E7CFC0601EA0A7EC004D70F3 /* BingoCycleScrollViewDemoTests.swift */,
				E7CFC0621EA0A7EC004D70F3 /* Info.plist */,
			);
			path = BingoCycleScrollViewDemoTests;
			sourceTree = "<group>";
		};
		E7CFC06A1EA0A7EC004D70F3 /* BingoCycleScrollViewDemoUITests */ = {
			isa = PBXGroup;
			children = (
				E7CFC06B1EA0A7EC004D70F3 /* BingoCycleScrollViewDemoUITests.swift */,
				E7CFC06D1EA0A7EC004D70F3 /* Info.plist */,
			);
			path = BingoCycleScrollViewDemoUITests;
			sourceTree = "<group>";
		};
		E7CFC08A1EA31AF2004D70F3 /* Resource */ = {
			isa = PBXGroup;
			children = (
				E7CFC08B1EA31AF3004D70F3 /* 1.png */,
				E7CFC08C1EA31AF3004D70F3 /* 2.png */,
				E7CFC08D1EA31AF3004D70F3 /* 3.png */,
				E7CFC08E1EA31AF3004D70F3 /* 4.png */,
				E7CFC08F1EA31AF3004D70F3 /* 5.png */,
			);
			path = Resource;
			sourceTree = "<group>";
		};
		E7CFC0991EA4CAD6004D70F3 /* CycleScrollView */ = {
			isa = PBXGroup;
			children = (
				E7C00BA81EB88A2A0060F234 /* KingfisherManager */,
				E7CFC09E1EA4CB59004D70F3 /* CycleScrollView+Protocol.swift */,
				E71ED8761EE7AB81009D3D95 /* CyclePageControl.swift */,
				E7CFC0A61EA4D18E004D70F3 /* CycleScrollViewCollectionView.swift */,
				E7CFC0A01EA4CBC1004D70F3 /* CycleScrollView.swift */,
				E7CFC0A21EA4CBF1004D70F3 /* CycleScrollViewCell.swift */,
				E7CFC0A41EA4CC3F004D70F3 /* CycleScrollViewLayout.swift */,
				E7CFC09C1EA4CB3E004D70F3 /* CycleScrollViewTransformer.swift */,
				E7CFC09A1EA4CB02004D70F3 /* CycleScrollViewLayoutAttributes.swift */,
			);
			path = CycleScrollView;
			sourceTree = "<group>";
		};
/* End PBXGroup section */

/* Begin PBXNativeTarget section */
		E7CFC0471EA0A7EC004D70F3 /* BingoCycleScrollViewDemo */ = {
			isa = PBXNativeTarget;
			buildConfigurationList = E7CFC0701EA0A7EC004D70F3 /* Build configuration list for PBXNativeTarget "BingoCycleScrollViewDemo" */;
			buildPhases = (
				CB34A191567E3B51B116923D /* [CP] Check Pods Manifest.lock */,
				E7CFC0441EA0A7EC004D70F3 /* Sources */,
				E7CFC0451EA0A7EC004D70F3 /* Frameworks */,
				E7CFC0461EA0A7EC004D70F3 /* Resources */,
				5C6BAADEBB28C3C976E43F86 /* [CP] Embed Pods Frameworks */,
				3D81525B45EE6D9A530CB8D6 /* [CP] Copy Pods Resources */,
			);
			buildRules = (
			);
			dependencies = (
			);
			name = BingoCycleScrollViewDemo;
			productName = BingoCycleScrollViewDemo;
			productReference = E7CFC0481EA0A7EC004D70F3 /* BingoCycleScrollViewDemo.app */;
			productType = "com.apple.product-type.application";
		};
		E7CFC05B1EA0A7EC004D70F3 /* BingoCycleScrollViewDemoTests */ = {
			isa = PBXNativeTarget;
			buildConfigurationList = E7CFC0731EA0A7EC004D70F3 /* Build configuration list for PBXNativeTarget "BingoCycleScrollViewDemoTests" */;
			buildPhases = (
				62CBE4A4A3AA41EDA233B49C /* [CP] Check Pods Manifest.lock */,
				E7CFC0581EA0A7EC004D70F3 /* Sources */,
				E7CFC0591EA0A7EC004D70F3 /* Frameworks */,
				E7CFC05A1EA0A7EC004D70F3 /* Resources */,
				6B7D3B43F632644B4504FF2D /* [CP] Embed Pods Frameworks */,
				8E0712BEE345D4DE72B763D7 /* [CP] Copy Pods Resources */,
			);
			buildRules = (
			);
			dependencies = (
				E7CFC05E1EA0A7EC004D70F3 /* PBXTargetDependency */,
			);
			name = BingoCycleScrollViewDemoTests;
			productName = BingoCycleScrollViewDemoTests;
			productReference = E7CFC05C1EA0A7EC004D70F3 /* BingoCycleScrollViewDemoTests.xctest */;
			productType = "com.apple.product-type.bundle.unit-test";
		};
		E7CFC0661EA0A7EC004D70F3 /* BingoCycleScrollViewDemoUITests */ = {
			isa = PBXNativeTarget;
			buildConfigurationList = E7CFC0761EA0A7EC004D70F3 /* Build configuration list for PBXNativeTarget "BingoCycleScrollViewDemoUITests" */;
			buildPhases = (
				58361F4D33E8DC0A828085B5 /* [CP] Check Pods Manifest.lock */,
				E7CFC0631EA0A7EC004D70F3 /* Sources */,
				E7CFC0641EA0A7EC004D70F3 /* Frameworks */,
				E7CFC0651EA0A7EC004D70F3 /* Resources */,
				FF4D25E2AEA02A6AA99C4363 /* [CP] Embed Pods Frameworks */,
				6CBCC00D77BB316079AC4726 /* [CP] Copy Pods Resources */,
			);
			buildRules = (
			);
			dependencies = (
				E7CFC0691EA0A7EC004D70F3 /* PBXTargetDependency */,
			);
			name = BingoCycleScrollViewDemoUITests;
			productName = BingoCycleScrollViewDemoUITests;
			productReference = E7CFC0671EA0A7EC004D70F3 /* BingoCycleScrollViewDemoUITests.xctest */;
			productType = "com.apple.product-type.bundle.ui-testing";
		};
/* End PBXNativeTarget section */

/* Begin PBXProject section */
		E7CFC0401EA0A7EC004D70F3 /* Project object */ = {
			isa = PBXProject;
			attributes = {
				LastSwiftUpdateCheck = 0820;
				LastUpgradeCheck = 0820;
				ORGANIZATIONNAME = Qtin;
				TargetAttributes = {
					E7CFC0471EA0A7EC004D70F3 = {
						CreatedOnToolsVersion = 8.2.1;
						DevelopmentTeam = 8UC9AV749C;
						ProvisioningStyle = Automatic;
					};
					E7CFC05B1EA0A7EC004D70F3 = {
						CreatedOnToolsVersion = 8.2.1;
						ProvisioningStyle = Automatic;
						TestTargetID = E7CFC0471EA0A7EC004D70F3;
					};
					E7CFC0661EA0A7EC004D70F3 = {
						CreatedOnToolsVersion = 8.2.1;
						ProvisioningStyle = Automatic;
						TestTargetID = E7CFC0471EA0A7EC004D70F3;
					};
				};
			};
			buildConfigurationList = E7CFC0431EA0A7EC004D70F3 /* Build configuration list for PBXProject "BingoCycleScrollViewDemo" */;
			compatibilityVersion = "Xcode 3.2";
			developmentRegion = English;
			hasScannedForEncodings = 0;
			knownRegions = (
				en,
				Base,
			);
			mainGroup = E7CFC03F1EA0A7EC004D70F3;
			productRefGroup = E7CFC0491EA0A7EC004D70F3 /* Products */;
			projectDirPath = "";
			projectRoot = "";
			targets = (
				E7CFC0471EA0A7EC004D70F3 /* BingoCycleScrollViewDemo */,
				E7CFC05B1EA0A7EC004D70F3 /* BingoCycleScrollViewDemoTests */,
				E7CFC0661EA0A7EC004D70F3 /* BingoCycleScrollViewDemoUITests */,
			);
		};
/* End PBXProject section */

/* Begin PBXResourcesBuildPhase section */
		E7CFC0461EA0A7EC004D70F3 /* Resources */ = {
			isa = PBXResourcesBuildPhase;
			buildActionMask = 2147483647;
			files = (
				E7CFC0561EA0A7EC004D70F3 /* LaunchScreen.storyboard in Resources */,
				E7CFC0931EA31AF3004D70F3 /* 4.png in Resources */,
				E7CFC0901EA31AF3004D70F3 /* 1.png in Resources */,
				E7CFC0911EA31AF3004D70F3 /* 2.png in Resources */,
				E7CFC0921EA31AF3004D70F3 /* 3.png in Resources */,
				E7CFC0941EA31AF3004D70F3 /* 5.png in Resources */,
				E7CFC0531EA0A7EC004D70F3 /* Assets.xcassets in Resources */,
				E7CFC0511EA0A7EC004D70F3 /* Main.storyboard in Resources */,
			);
			runOnlyForDeploymentPostprocessing = 0;
		};
		E7CFC05A1EA0A7EC004D70F3 /* Resources */ = {
			isa = PBXResourcesBuildPhase;
			buildActionMask = 2147483647;
			files = (
			);
			runOnlyForDeploymentPostprocessing = 0;
		};
		E7CFC0651EA0A7EC004D70F3 /* Resources */ = {
			isa = PBXResourcesBuildPhase;
			buildActionMask = 2147483647;
			files = (
			);
			runOnlyForDeploymentPostprocessing = 0;
		};
/* End PBXResourcesBuildPhase section */

/* Begin PBXShellScriptBuildPhase section */
		3D81525B45EE6D9A530CB8D6 /* [CP] Copy Pods Resources */ = {
			isa = PBXShellScriptBuildPhase;
			buildActionMask = 2147483647;
			files = (
			);
			inputPaths = (
			);
			name = "[CP] Copy Pods Resources";
			outputPaths = (
			);
			runOnlyForDeploymentPostprocessing = 0;
			shellPath = /bin/sh;
			shellScript = "\"${SRCROOT}/Pods/Target Support Files/Pods-BingoCycleScrollViewDemo/Pods-BingoCycleScrollViewDemo-resources.sh\"\n";
			showEnvVarsInLog = 0;
		};
		58361F4D33E8DC0A828085B5 /* [CP] Check Pods Manifest.lock */ = {
			isa = PBXShellScriptBuildPhase;
			buildActionMask = 2147483647;
			files = (
			);
			inputPaths = (
			);
			name = "[CP] Check Pods Manifest.lock";
			outputPaths = (
			);
			runOnlyForDeploymentPostprocessing = 0;
			shellPath = /bin/sh;
			shellScript = "diff \"${PODS_PODFILE_DIR_PATH}/Podfile.lock\" \"${PODS_ROOT}/Manifest.lock\" > /dev/null\nif [ $? != 0 ] ; then\n    # print error to STDERR\n    echo \"error: The sandbox is not in sync with the Podfile.lock. Run 'pod install' or update your CocoaPods installation.\" >&2\n    exit 1\nfi\n";
			showEnvVarsInLog = 0;
		};
		5C6BAADEBB28C3C976E43F86 /* [CP] Embed Pods Frameworks */ = {
			isa = PBXShellScriptBuildPhase;
			buildActionMask = 2147483647;
			files = (
			);
			inputPaths = (
			);
			name = "[CP] Embed Pods Frameworks";
			outputPaths = (
			);
			runOnlyForDeploymentPostprocessing = 0;
			shellPath = /bin/sh;
			shellScript = "\"${SRCROOT}/Pods/Target Support Files/Pods-BingoCycleScrollViewDemo/Pods-BingoCycleScrollViewDemo-frameworks.sh\"\n";
			showEnvVarsInLog = 0;
		};
		62CBE4A4A3AA41EDA233B49C /* [CP] Check Pods Manifest.lock */ = {
			isa = PBXShellScriptBuildPhase;
			buildActionMask = 2147483647;
			files = (
			);
			inputPaths = (
			);
			name = "[CP] Check Pods Manifest.lock";
			outputPaths = (
			);
			runOnlyForDeploymentPostprocessing = 0;
			shellPath = /bin/sh;
			shellScript = "diff \"${PODS_PODFILE_DIR_PATH}/Podfile.lock\" \"${PODS_ROOT}/Manifest.lock\" > /dev/null\nif [ $? != 0 ] ; then\n    # print error to STDERR\n    echo \"error: The sandbox is not in sync with the Podfile.lock. Run 'pod install' or update your CocoaPods installation.\" >&2\n    exit 1\nfi\n";
			showEnvVarsInLog = 0;
		};
		6B7D3B43F632644B4504FF2D /* [CP] Embed Pods Frameworks */ = {
			isa = PBXShellScriptBuildPhase;
			buildActionMask = 2147483647;
			files = (
			);
			inputPaths = (
			);
			name = "[CP] Embed Pods Frameworks";
			outputPaths = (
			);
			runOnlyForDeploymentPostprocessing = 0;
			shellPath = /bin/sh;
			shellScript = "\"${SRCROOT}/Pods/Target Support Files/Pods-BingoCycleScrollViewDemoTests/Pods-BingoCycleScrollViewDemoTests-frameworks.sh\"\n";
			showEnvVarsInLog = 0;
		};
		6CBCC00D77BB316079AC4726 /* [CP] Copy Pods Resources */ = {
			isa = PBXShellScriptBuildPhase;
			buildActionMask = 2147483647;
			files = (
			);
			inputPaths = (
			);
			name = "[CP] Copy Pods Resources";
			outputPaths = (
			);
			runOnlyForDeploymentPostprocessing = 0;
			shellPath = /bin/sh;
			shellScript = "\"${SRCROOT}/Pods/Target Support Files/Pods-BingoCycleScrollViewDemoUITests/Pods-BingoCycleScrollViewDemoUITests-resources.sh\"\n";
			showEnvVarsInLog = 0;
		};
		8E0712BEE345D4DE72B763D7 /* [CP] Copy Pods Resources */ = {
			isa = PBXShellScriptBuildPhase;
			buildActionMask = 2147483647;
			files = (
			);
			inputPaths = (
			);
			name = "[CP] Copy Pods Resources";
			outputPaths = (
			);
			runOnlyForDeploymentPostprocessing = 0;
			shellPath = /bin/sh;
			shellScript = "\"${SRCROOT}/Pods/Target Support Files/Pods-BingoCycleScrollViewDemoTests/Pods-BingoCycleScrollViewDemoTests-resources.sh\"\n";
			showEnvVarsInLog = 0;
		};
		CB34A191567E3B51B116923D /* [CP] Check Pods Manifest.lock */ = {
			isa = PBXShellScriptBuildPhase;
			buildActionMask = 2147483647;
			files = (
			);
			inputPaths = (
			);
			name = "[CP] Check Pods Manifest.lock";
			outputPaths = (
			);
			runOnlyForDeploymentPostprocessing = 0;
			shellPath = /bin/sh;
			shellScript = "diff \"${PODS_PODFILE_DIR_PATH}/Podfile.lock\" \"${PODS_ROOT}/Manifest.lock\" > /dev/null\nif [ $? != 0 ] ; then\n    # print error to STDERR\n    echo \"error: The sandbox is not in sync with the Podfile.lock. Run 'pod install' or update your CocoaPods installation.\" >&2\n    exit 1\nfi\n";
			showEnvVarsInLog = 0;
		};
		FF4D25E2AEA02A6AA99C4363 /* [CP] Embed Pods Frameworks */ = {
			isa = PBXShellScriptBuildPhase;
			buildActionMask = 2147483647;
			files = (
			);
			inputPaths = (
			);
			name = "[CP] Embed Pods Frameworks";
			outputPaths = (
			);
			runOnlyForDeploymentPostprocessing = 0;
			shellPath = /bin/sh;
			shellScript = "\"${SRCROOT}/Pods/Target Support Files/Pods-BingoCycleScrollViewDemoUITests/Pods-BingoCycleScrollViewDemoUITests-frameworks.sh\"\n";
			showEnvVarsInLog = 0;
		};
/* End PBXShellScriptBuildPhase section */

/* Begin PBXSourcesBuildPhase section */
		E7CFC0441EA0A7EC004D70F3 /* Sources */ = {
			isa = PBXSourcesBuildPhase;
			buildActionMask = 2147483647;
			files = (
				E7CFC0A51EA4CC3F004D70F3 /* CycleScrollViewLayout.swift in Sources */,
				E7C00BAA1EB88A2A0060F234 /* KingfisherManger.swift in Sources */,
				E7CFC04E1EA0A7EC004D70F3 /* ViewController.swift in Sources */,
				E71ED8771EE7AB81009D3D95 /* CyclePageControl.swift in Sources */,
				E7CFC0A71EA4D18E004D70F3 /* CycleScrollViewCollectionView.swift in Sources */,
				E7CFC09B1EA4CB02004D70F3 /* CycleScrollViewLayoutAttributes.swift in Sources */,
				E7CFC09F1EA4CB59004D70F3 /* CycleScrollView+Protocol.swift in Sources */,
				E71ED8751EE7A256009D3D95 /* BannerViewController.swift in Sources */,
				E7CFC09D1EA4CB3E004D70F3 /* CycleScrollViewTransformer.swift in Sources */,
				E7CFC0A31EA4CBF1004D70F3 /* CycleScrollViewCell.swift in Sources */,
				E7CFC04C1EA0A7EC004D70F3 /* AppDelegate.swift in Sources */,
				E7CFC0A11EA4CBC1004D70F3 /* CycleScrollView.swift in Sources */,
			);
			runOnlyForDeploymentPostprocessing = 0;
		};
		E7CFC0581EA0A7EC004D70F3 /* Sources */ = {
			isa = PBXSourcesBuildPhase;
			buildActionMask = 2147483647;
			files = (
				E7CFC0611EA0A7EC004D70F3 /* BingoCycleScrollViewDemoTests.swift in Sources */,
			);
			runOnlyForDeploymentPostprocessing = 0;
		};
		E7CFC0631EA0A7EC004D70F3 /* Sources */ = {
			isa = PBXSourcesBuildPhase;
			buildActionMask = 2147483647;
			files = (
				E7CFC06C1EA0A7EC004D70F3 /* BingoCycleScrollViewDemoUITests.swift in Sources */,
			);
			runOnlyForDeploymentPostprocessing = 0;
		};
/* End PBXSourcesBuildPhase section */

/* Begin PBXTargetDependency section */
		E7CFC05E1EA0A7EC004D70F3 /* PBXTargetDependency */ = {
			isa = PBXTargetDependency;
			target = E7CFC0471EA0A7EC004D70F3 /* BingoCycleScrollViewDemo */;
			targetProxy = E7CFC05D1EA0A7EC004D70F3 /* PBXContainerItemProxy */;
		};
		E7CFC0691EA0A7EC004D70F3 /* PBXTargetDependency */ = {
			isa = PBXTargetDependency;
			target = E7CFC0471EA0A7EC004D70F3 /* BingoCycleScrollViewDemo */;
			targetProxy = E7CFC0681EA0A7EC004D70F3 /* PBXContainerItemProxy */;
		};
/* End PBXTargetDependency section */

/* Begin PBXVariantGroup section */
		E7CFC04F1EA0A7EC004D70F3 /* Main.storyboard */ = {
			isa = PBXVariantGroup;
			children = (
				E7CFC0501EA0A7EC004D70F3 /* Base */,
			);
			name = Main.storyboard;
			sourceTree = "<group>";
		};
		E7CFC0541EA0A7EC004D70F3 /* LaunchScreen.storyboard */ = {
			isa = PBXVariantGroup;
			children = (
				E7CFC0551EA0A7EC004D70F3 /* Base */,
			);
			name = LaunchScreen.storyboard;
			sourceTree = "<group>";
		};
/* End PBXVariantGroup section */

/* Begin XCBuildConfiguration section */
		E7CFC06E1EA0A7EC004D70F3 /* Debug */ = {
			isa = XCBuildConfiguration;
			buildSettings = {
				ALWAYS_SEARCH_USER_PATHS = NO;
				CLANG_ANALYZER_NONNULL = YES;
				CLANG_CXX_LANGUAGE_STANDARD = "gnu++0x";
				CLANG_CXX_LIBRARY = "libc++";
				CLANG_ENABLE_MODULES = YES;
				CLANG_ENABLE_OBJC_ARC = YES;
				CLANG_WARN_BOOL_CONVERSION = YES;
				CLANG_WARN_CONSTANT_CONVERSION = YES;
				CLANG_WARN_DIRECT_OBJC_ISA_USAGE = YES_ERROR;
				CLANG_WARN_DOCUMENTATION_COMMENTS = YES;
				CLANG_WARN_EMPTY_BODY = YES;
				CLANG_WARN_ENUM_CONVERSION = YES;
				CLANG_WARN_INFINITE_RECURSION = YES;
				CLANG_WARN_INT_CONVERSION = YES;
				CLANG_WARN_OBJC_ROOT_CLASS = YES_ERROR;
				CLANG_WARN_SUSPICIOUS_MOVE = YES;
				CLANG_WARN_UNREACHABLE_CODE = YES;
				CLANG_WARN__DUPLICATE_METHOD_MATCH = YES;
				"CODE_SIGN_IDENTITY[sdk=iphoneos*]" = "iPhone Developer";
				COPY_PHASE_STRIP = NO;
				DEBUG_INFORMATION_FORMAT = dwarf;
				ENABLE_STRICT_OBJC_MSGSEND = YES;
				ENABLE_TESTABILITY = YES;
				GCC_C_LANGUAGE_STANDARD = gnu99;
				GCC_DYNAMIC_NO_PIC = NO;
				GCC_NO_COMMON_BLOCKS = YES;
				GCC_OPTIMIZATION_LEVEL = 0;
				GCC_PREPROCESSOR_DEFINITIONS = (
					"DEBUG=1",
					"$(inherited)",
				);
				GCC_WARN_64_TO_32_BIT_CONVERSION = YES;
				GCC_WARN_ABOUT_RETURN_TYPE = YES_ERROR;
				GCC_WARN_UNDECLARED_SELECTOR = YES;
				GCC_WARN_UNINITIALIZED_AUTOS = YES_AGGRESSIVE;
				GCC_WARN_UNUSED_FUNCTION = YES;
				GCC_WARN_UNUSED_VARIABLE = YES;
				IPHONEOS_DEPLOYMENT_TARGET = 9.0;
				MTL_ENABLE_DEBUG_INFO = YES;
				ONLY_ACTIVE_ARCH = YES;
				SDKROOT = iphoneos;
				SWIFT_ACTIVE_COMPILATION_CONDITIONS = DEBUG;
				SWIFT_OPTIMIZATION_LEVEL = "-Onone";
				TARGETED_DEVICE_FAMILY = "1,2";
			};
			name = Debug;
		};
		E7CFC06F1EA0A7EC004D70F3 /* Release */ = {
			isa = XCBuildConfiguration;
			buildSettings = {
				ALWAYS_SEARCH_USER_PATHS = NO;
				CLANG_ANALYZER_NONNULL = YES;
				CLANG_CXX_LANGUAGE_STANDARD = "gnu++0x";
				CLANG_CXX_LIBRARY = "libc++";
				CLANG_ENABLE_MODULES = YES;
				CLANG_ENABLE_OBJC_ARC = YES;
				CLANG_WARN_BOOL_CONVERSION = YES;
				CLANG_WARN_CONSTANT_CONVERSION = YES;
				CLANG_WARN_DIRECT_OBJC_ISA_USAGE = YES_ERROR;
				CLANG_WARN_DOCUMENTATION_COMMENTS = YES;
				CLANG_WARN_EMPTY_BODY = YES;
				CLANG_WARN_ENUM_CONVERSION = YES;
				CLANG_WARN_INFINITE_RECURSION = YES;
				CLANG_WARN_INT_CONVERSION = YES;
				CLANG_WARN_OBJC_ROOT_CLASS = YES_ERROR;
				CLANG_WARN_SUSPICIOUS_MOVE = YES;
				CLANG_WARN_UNREACHABLE_CODE = YES;
				CLANG_WARN__DUPLICATE_METHOD_MATCH = YES;
				"CODE_SIGN_IDENTITY[sdk=iphoneos*]" = "iPhone Developer";
				COPY_PHASE_STRIP = NO;
				DEBUG_INFORMATION_FORMAT = "dwarf-with-dsym";
				ENABLE_NS_ASSERTIONS = NO;
				ENABLE_STRICT_OBJC_MSGSEND = YES;
				GCC_C_LANGUAGE_STANDARD = gnu99;
				GCC_NO_COMMON_BLOCKS = YES;
				GCC_WARN_64_TO_32_BIT_CONVERSION = YES;
				GCC_WARN_ABOUT_RETURN_TYPE = YES_ERROR;
				GCC_WARN_UNDECLARED_SELECTOR = YES;
				GCC_WARN_UNINITIALIZED_AUTOS = YES_AGGRESSIVE;
				GCC_WARN_UNUSED_FUNCTION = YES;
				GCC_WARN_UNUSED_VARIABLE = YES;
				IPHONEOS_DEPLOYMENT_TARGET = 9.0;
				MTL_ENABLE_DEBUG_INFO = NO;
				SDKROOT = iphoneos;
				SWIFT_OPTIMIZATION_LEVEL = "-Owholemodule";
				TARGETED_DEVICE_FAMILY = "1,2";
				VALIDATE_PRODUCT = YES;
			};
			name = Release;
		};
		E7CFC0711EA0A7EC004D70F3 /* Debug */ = {
			isa = XCBuildConfiguration;
			baseConfigurationReference = 3E21C227A84A6BD7000BF88E /* Pods-BingoCycleScrollViewDemo.debug.xcconfig */;
			buildSettings = {
				ASSETCATALOG_COMPILER_APPICON_NAME = AppIcon;
				DEVELOPMENT_TEAM = 8UC9AV749C;
				INFOPLIST_FILE = BingoCycleScrollViewDemo/Info.plist;
				IPHONEOS_DEPLOYMENT_TARGET = 9.0;
				LD_RUNPATH_SEARCH_PATHS = "$(inherited) @executable_path/Frameworks";
				PRODUCT_BUNDLE_IDENTIFIER = com.Qtin.BingoCycleScrollViewDemo;
				PRODUCT_NAME = "$(TARGET_NAME)";
				SWIFT_VERSION = 3.0;
			};
			name = Debug;
		};
		E7CFC0721EA0A7EC004D70F3 /* Release */ = {
			isa = XCBuildConfiguration;
			baseConfigurationReference = 7EC0F2BB5B1EFB04E9A50C7D /* Pods-BingoCycleScrollViewDemo.release.xcconfig */;
			buildSettings = {
				ASSETCATALOG_COMPILER_APPICON_NAME = AppIcon;
				DEVELOPMENT_TEAM = 8UC9AV749C;
				INFOPLIST_FILE = BingoCycleScrollViewDemo/Info.plist;
				IPHONEOS_DEPLOYMENT_TARGET = 9.0;
				LD_RUNPATH_SEARCH_PATHS = "$(inherited) @executable_path/Frameworks";
				PRODUCT_BUNDLE_IDENTIFIER = com.Qtin.BingoCycleScrollViewDemo;
				PRODUCT_NAME = "$(TARGET_NAME)";
				SWIFT_VERSION = 3.0;
			};
			name = Release;
		};
		E7CFC0741EA0A7EC004D70F3 /* Debug */ = {
			isa = XCBuildConfiguration;
			baseConfigurationReference = 1E18A300AE4B5A26DA97C678 /* Pods-BingoCycleScrollViewDemoTests.debug.xcconfig */;
			buildSettings = {
				ALWAYS_EMBED_SWIFT_STANDARD_LIBRARIES = YES;
				BUNDLE_LOADER = "$(TEST_HOST)";
				INFOPLIST_FILE = BingoCycleScrollViewDemoTests/Info.plist;
				LD_RUNPATH_SEARCH_PATHS = "$(inherited) @executable_path/Frameworks @loader_path/Frameworks";
				PRODUCT_BUNDLE_IDENTIFIER = com.Qtin.BingoCycleScrollViewDemoTests;
				PRODUCT_NAME = "$(TARGET_NAME)";
				SWIFT_VERSION = 3.0;
				TEST_HOST = "$(BUILT_PRODUCTS_DIR)/BingoCycleScrollViewDemo.app/BingoCycleScrollViewDemo";
			};
			name = Debug;
		};
		E7CFC0751EA0A7EC004D70F3 /* Release */ = {
			isa = XCBuildConfiguration;
			baseConfigurationReference = 524260BCD4F895AEAF42FAA0 /* Pods-BingoCycleScrollViewDemoTests.release.xcconfig */;
			buildSettings = {
				ALWAYS_EMBED_SWIFT_STANDARD_LIBRARIES = YES;
				BUNDLE_LOADER = "$(TEST_HOST)";
				INFOPLIST_FILE = BingoCycleScrollViewDemoTests/Info.plist;
				LD_RUNPATH_SEARCH_PATHS = "$(inherited) @executable_path/Frameworks @loader_path/Frameworks";
				PRODUCT_BUNDLE_IDENTIFIER = com.Qtin.BingoCycleScrollViewDemoTests;
				PRODUCT_NAME = "$(TARGET_NAME)";
				SWIFT_VERSION = 3.0;
				TEST_HOST = "$(BUILT_PRODUCTS_DIR)/BingoCycleScrollViewDemo.app/BingoCycleScrollViewDemo";
			};
			name = Release;
		};
		E7CFC0771EA0A7EC004D70F3 /* Debug */ = {
			isa = XCBuildConfiguration;
			baseConfigurationReference = B37C15FD2B88165557E0D28A /* Pods-BingoCycleScrollViewDemoUITests.debug.xcconfig */;
			buildSettings = {
				ALWAYS_EMBED_SWIFT_STANDARD_LIBRARIES = YES;
				INFOPLIST_FILE = BingoCycleScrollViewDemoUITests/Info.plist;
				LD_RUNPATH_SEARCH_PATHS = "$(inherited) @executable_path/Frameworks @loader_path/Frameworks";
				PRODUCT_BUNDLE_IDENTIFIER = com.Qtin.BingoCycleScrollViewDemoUITests;
				PRODUCT_NAME = "$(TARGET_NAME)";
				SWIFT_VERSION = 3.0;
				TEST_TARGET_NAME = BingoCycleScrollViewDemo;
			};
			name = Debug;
		};
		E7CFC0781EA0A7EC004D70F3 /* Release */ = {
			isa = XCBuildConfiguration;
			baseConfigurationReference = 518CAC66F2149C53126169AB /* Pods-BingoCycleScrollViewDemoUITests.release.xcconfig */;
			buildSettings = {
				ALWAYS_EMBED_SWIFT_STANDARD_LIBRARIES = YES;
				INFOPLIST_FILE = BingoCycleScrollViewDemoUITests/Info.plist;
				LD_RUNPATH_SEARCH_PATHS = "$(inherited) @executable_path/Frameworks @loader_path/Frameworks";
				PRODUCT_BUNDLE_IDENTIFIER = com.Qtin.BingoCycleScrollViewDemoUITests;
				PRODUCT_NAME = "$(TARGET_NAME)";
				SWIFT_VERSION = 3.0;
				TEST_TARGET_NAME = BingoCycleScrollViewDemo;
			};
			name = Release;
		};
/* End XCBuildConfiguration section */

/* Begin XCConfigurationList section */
		E7CFC0431EA0A7EC004D70F3 /* Build configuration list for PBXProject "BingoCycleScrollViewDemo" */ = {
			isa = XCConfigurationList;
			buildConfigurations = (
				E7CFC06E1EA0A7EC004D70F3 /* Debug */,
				E7CFC06F1EA0A7EC004D70F3 /* Release */,
			);
			defaultConfigurationIsVisible = 0;
			defaultConfigurationName = Release;
		};
		E7CFC0701EA0A7EC004D70F3 /* Build configuration list for PBXNativeTarget "BingoCycleScrollViewDemo" */ = {
			isa = XCConfigurationList;
			buildConfigurations = (
				E7CFC0711EA0A7EC004D70F3 /* Debug */,
				E7CFC0721EA0A7EC004D70F3 /* Release */,
			);
			defaultConfigurationIsVisible = 0;
			defaultConfigurationName = Release;
		};
		E7CFC0731EA0A7EC004D70F3 /* Build configuration list for PBXNativeTarget "BingoCycleScrollViewDemoTests" */ = {
			isa = XCConfigurationList;
			buildConfigurations = (
				E7CFC0741EA0A7EC004D70F3 /* Debug */,
				E7CFC0751EA0A7EC004D70F3 /* Release */,
			);
			defaultConfigurationIsVisible = 0;
			defaultConfigurationName = Release;
		};
		E7CFC0761EA0A7EC004D70F3 /* Build configuration list for PBXNativeTarget "BingoCycleScrollViewDemoUITests" */ = {
			isa = XCConfigurationList;
			buildConfigurations = (
				E7CFC0771EA0A7EC004D70F3 /* Debug */,
				E7CFC0781EA0A7EC004D70F3 /* Release */,
			);
			defaultConfigurationIsVisible = 0;
			defaultConfigurationName = Release;
		};
/* End XCConfigurationList section */
	};
	rootObject = E7CFC0401EA0A7EC004D70F3 /* Project object */;
}
